golang.org/x/exp v0.0.0-20230203172020-98cc5a0785f9 h1:frX3nT9RkKybPnjyI+yvZh6ZucTZatCCEm9D47sZ2zo=
golang.org/x/exp v0.0.0-20230203172020-98cc5a0785f9/go.mod h1:CxIveKay+FTh1D0yPZemJVgC/95VzuuOLq5Qi4xnoYc=
golang.org/x/sync v0.1.0 h1:wsuoTGHzEhffawBOhz5CYhcrV4IdKZbEyZjBMuTp12o=
golang.org/x/sync v0.1.0/go.mod h1:RxMgew5VJxzue5/jJTE5uejpjVlOe/izrB70Jof72aM=
golang.org/x/sys v0.3.0 h1:w8ZOecv6NaNa/zC8944JTU3vz4u6Lagfk4RPQxv92NQ=
golang.org/x/sys v0.3.0/go.mod h1:oPkhp1MJrh7nUepCBck5+mAzfO9JrbApNNgaTdGDITg=
golang.org/x/term v0.3.0 h1:qoo4akIqOcDME5bhc/NgxUdovd6BSS2uMsVjB56q1xI=
golang.org/x/term v0.3.0/go.mod h1:q750SLmJuPmVoN1blW3UFBPREJfb1KmY3vwxfr+nFDA=
mvdan.cc/sh/v3 v3.6.0 h1:gtva4EXJ0dFNvl5bHjcUEvws+KRcDslT8VKheTYkbGU=
mvdan.cc/sh/v3 v3.6.0/go.mod h1:U4mhtBLZ32iWhif5/lD+ygy1zrgaQhUu+XFy7C8+TTA=
